
Microsoft Visual Studio Solution File, Format Version 12.00
# Visual Studio 15
VisualStudioVersion = 15.0.28307.572
MinimumVisualStudioVersion = 10.0.40219.1
Project("{9A19103F-16F7-4668-BE54-9A1E7A4F7556}") = "Tocci.WebAPI", "Tocci.WebAPI\Tocci.WebAPI.csproj", "{6912E41E-1B3E-45BD-8D4C-2F46C3FA1C79}"
EndProject
Project("{9A19103F-16F7-4668-BE54-9A1E7A4F7556}") = "Tocci.Tests.UnitTests", "Tocci.Tests.UnitTests\Tocci.Tests.UnitTests.csproj", "{595FB479-5BF6-4FFC-9F27-686052B378F0}"
EndProject
Project("{9A19103F-16F7-4668-BE54-9A1E7A4F7556}") = "Tocci.Tests.IntegrationTests", "Tocci.Tests.IntegrationTests\Tocci.Tests.IntegrationTests.csproj", "{0099D29A-81AD-4E3E-8C99-2845CB144C96}"
EndProject
Project("{9A19103F-16F7-4668-BE54-9A1E7A4F7556}") = "Tocci.Services.Proxy", "Tocci.Services.Concrete\Tocci.Services.Proxy.csproj", "{A710288B-FCEA-4888-830B-114142EC7105}"
EndProject
Project("{2150E333-8FDC-42A3-9474-1A3956D46DE8}") = "Services", "Services", "{FBADF037-E609-4B23-BA5A-5C6FFA543EDA}"
EndProject
Project("{9A19103F-16F7-4668-BE54-9A1E7A4F7556}") = "GrpcGeolocationService", "ConcreteGeolocationService\GrpcGeolocationService.csproj", "{D639B972-DEBF-45DA-BF82-155CBF9F867F}"
EndProject
Project("{9A19103F-16F7-4668-BE54-9A1E7A4F7556}") = "GrpcPingService", "GrpcPingService\GrpcPingService.csproj", "{61758728-87FA-4305-A80B-E1B4B8DD2E78}"
EndProject
Project("{9A19103F-16F7-4668-BE54-9A1E7A4F7556}") = "Services.Common", "Services.Common\Services.Common.csproj", "{80621A28-E65B-460D-90EC-464BEABE942B}"
EndProject
Project("{9A19103F-16F7-4668-BE54-9A1E7A4F7556}") = "Tocci.Services", "Tocci.Services\Tocci.Services.csproj", "{75F9087C-9A45-491A-BD5E-B33CDA4CCB03}"
EndProject
Project("{9A19103F-16F7-4668-BE54-9A1E7A4F7556}") = "GrpcReverseDnsService", "GrpcReverseDnsService\GrpcReverseDnsService.csproj", "{8029A7B1-4720-4600-9C3E-1FEBE67C78CA}"
EndProject
Project("{FAE04EC0-301F-11D3-BF4B-00C04F79EFBC}") = "GrpcRDAPService", "GrpcRDAPService\GrpcRDAPService.csproj", "{315B8794-E6B8-4E5F-A7C6-5EED651CBDB6}"
EndProject
Global
	GlobalSection(SolutionConfigurationPlatforms) = preSolution
		Debug|Any CPU = Debug|Any CPU
		Release|Any CPU = Release|Any CPU
	EndGlobalSection
	GlobalSection(ProjectConfigurationPlatforms) = postSolution
		{6912E41E-1B3E-45BD-8D4C-2F46C3FA1C79}.Debug|Any CPU.ActiveCfg = Debug|Any CPU
		{6912E41E-1B3E-45BD-8D4C-2F46C3FA1C79}.Debug|Any CPU.Build.0 = Debug|Any CPU
		{6912E41E-1B3E-45BD-8D4C-2F46C3FA1C79}.Release|Any CPU.ActiveCfg = Release|Any CPU
		{6912E41E-1B3E-45BD-8D4C-2F46C3FA1C79}.Release|Any CPU.Build.0 = Release|Any CPU
		{595FB479-5BF6-4FFC-9F27-686052B378F0}.Debug|Any CPU.ActiveCfg = Debug|Any CPU
		{595FB479-5BF6-4FFC-9F27-686052B378F0}.Debug|Any CPU.Build.0 = Debug|Any CPU
		{595FB479-5BF6-4FFC-9F27-686052B378F0}.Release|Any CPU.ActiveCfg = Release|Any CPU
		{595FB479-5BF6-4FFC-9F27-686052B378F0}.Release|Any CPU.Build.0 = Release|Any CPU
		{0099D29A-81AD-4E3E-8C99-2845CB144C96}.Debug|Any CPU.ActiveCfg = Debug|Any CPU
		{0099D29A-81AD-4E3E-8C99-2845CB144C96}.Debug|Any CPU.Build.0 = Debug|Any CPU
		{0099D29A-81AD-4E3E-8C99-2845CB144C96}.Release|Any CPU.ActiveCfg = Release|Any CPU
		{0099D29A-81AD-4E3E-8C99-2845CB144C96}.Release|Any CPU.Build.0 = Release|Any CPU
		{A710288B-FCEA-4888-830B-114142EC7105}.Debug|Any CPU.ActiveCfg = Debug|Any CPU
		{A710288B-FCEA-4888-830B-114142EC7105}.Debug|Any CPU.Build.0 = Debug|Any CPU
		{A710288B-FCEA-4888-830B-114142EC7105}.Release|Any CPU.ActiveCfg = Release|Any CPU
		{A710288B-FCEA-4888-830B-114142EC7105}.Release|Any CPU.Build.0 = Release|Any CPU
		{D639B972-DEBF-45DA-BF82-155CBF9F867F}.Debug|Any CPU.ActiveCfg = Debug|Any CPU
		{D639B972-DEBF-45DA-BF82-155CBF9F867F}.Debug|Any CPU.Build.0 = Debug|Any CPU
		{D639B972-DEBF-45DA-BF82-155CBF9F867F}.Release|Any CPU.ActiveCfg = Release|Any CPU
		{D639B972-DEBF-45DA-BF82-155CBF9F867F}.Release|Any CPU.Build.0 = Release|Any CPU
		{61758728-87FA-4305-A80B-E1B4B8DD2E78}.Debug|Any CPU.ActiveCfg = Debug|Any CPU
		{61758728-87FA-4305-A80B-E1B4B8DD2E78}.Debug|Any CPU.Build.0 = Debug|Any CPU
		{61758728-87FA-4305-A80B-E1B4B8DD2E78}.Release|Any CPU.ActiveCfg = Release|Any CPU
		{61758728-87FA-4305-A80B-E1B4B8DD2E78}.Release|Any CPU.Build.0 = Release|Any CPU
		{80621A28-E65B-460D-90EC-464BEABE942B}.Debug|Any CPU.ActiveCfg = Debug|Any CPU
		{80621A28-E65B-460D-90EC-464BEABE942B}.Debug|Any CPU.Build.0 = Debug|Any CPU
		{80621A28-E65B-460D-90EC-464BEABE942B}.Release|Any CPU.ActiveCfg = Release|Any CPU
		{80621A28-E65B-460D-90EC-464BEABE942B}.Release|Any CPU.Build.0 = Release|Any CPU
		{75F9087C-9A45-491A-BD5E-B33CDA4CCB03}.Debug|Any CPU.ActiveCfg = Debug|Any CPU
		{75F9087C-9A45-491A-BD5E-B33CDA4CCB03}.Debug|Any CPU.Build.0 = Debug|Any CPU
		{75F9087C-9A45-491A-BD5E-B33CDA4CCB03}.Release|Any CPU.ActiveCfg = Release|Any CPU
		{75F9087C-9A45-491A-BD5E-B33CDA4CCB03}.Release|Any CPU.Build.0 = Release|Any CPU
		{8029A7B1-4720-4600-9C3E-1FEBE67C78CA}.Debug|Any CPU.ActiveCfg = Debug|Any CPU
		{8029A7B1-4720-4600-9C3E-1FEBE67C78CA}.Debug|Any CPU.Build.0 = Debug|Any CPU
		{8029A7B1-4720-4600-9C3E-1FEBE67C78CA}.Release|Any CPU.ActiveCfg = Release|Any CPU
		{8029A7B1-4720-4600-9C3E-1FEBE67C78CA}.Release|Any CPU.Build.0 = Release|Any CPU
		{315B8794-E6B8-4E5F-A7C6-5EED651CBDB6}.Debug|Any CPU.ActiveCfg = Debug|Any CPU
		{315B8794-E6B8-4E5F-A7C6-5EED651CBDB6}.Debug|Any CPU.Build.0 = Debug|Any CPU
		{315B8794-E6B8-4E5F-A7C6-5EED651CBDB6}.Release|Any CPU.ActiveCfg = Release|Any CPU
		{315B8794-E6B8-4E5F-A7C6-5EED651CBDB6}.Release|Any CPU.Build.0 = Release|Any CPU
	EndGlobalSection
	GlobalSection(SolutionProperties) = preSolution
		HideSolutionNode = FALSE
	EndGlobalSection
	GlobalSection(NestedProjects) = preSolution
		{D639B972-DEBF-45DA-BF82-155CBF9F867F} = {FBADF037-E609-4B23-BA5A-5C6FFA543EDA}
		{61758728-87FA-4305-A80B-E1B4B8DD2E78} = {FBADF037-E609-4B23-BA5A-5C6FFA543EDA}
		{80621A28-E65B-460D-90EC-464BEABE942B} = {FBADF037-E609-4B23-BA5A-5C6FFA543EDA}
		{8029A7B1-4720-4600-9C3E-1FEBE67C78CA} = {FBADF037-E609-4B23-BA5A-5C6FFA543EDA}
		{315B8794-E6B8-4E5F-A7C6-5EED651CBDB6} = {FBADF037-E609-4B23-BA5A-5C6FFA543EDA}
	EndGlobalSection
	GlobalSection(ExtensibilityGlobals) = postSolution
		SolutionGuid = {66D3AE86-23F7-4B3B-91F0-2A6E4F540868}
	EndGlobalSection
EndGlobal
